// !$*UTF8*$!
{
	archiveVersion = 1;
	classes = {
	};
	objectVersion = 46;
	objects = {

/* Begin PBXBuildFile section */
		A4C235DE1A6F936D008F6068 /* main.m in Sources */ = {isa = PBXBuildFile; fileRef = A4C235DD1A6F936D008F6068 /* main.m */; };
		A4C235E11A6F936D008F6068 /* AppDelegate.m in Sources */ = {isa = PBXBuildFile; fileRef = A4C235E01A6F936D008F6068 /* AppDelegate.m */; };
		A4C235E41A6F936D008F6068 /* MigrationLesson.xcdatamodeld in Sources */ = {isa = PBXBuildFile; fileRef = A4C235E21A6F936D008F6068 /* MigrationLesson.xcdatamodeld */; };
		A4C235E71A6F936D008F6068 /* ViewController.m in Sources */ = {isa = PBXBuildFile; fileRef = A4C235E61A6F936D008F6068 /* ViewController.m */; };
		A4C235EA1A6F936D008F6068 /* Main.storyboard in Resources */ = {isa = PBXBuildFile; fileRef = A4C235E81A6F936D008F6068 /* Main.storyboard */; };
		A4C235EC1A6F936D008F6068 /* Images.xcassets in Resources */ = {isa = PBXBuildFile; fileRef = A4C235EB1A6F936D008F6068 /* Images.xcassets */; };
		A4C235EF1A6F936D008F6068 /* LaunchScreen.xib in Resources */ = {isa = PBXBuildFile; fileRef = A4C235ED1A6F936D008F6068 /* LaunchScreen.xib */; };
		A4C235FB1A6F936E008F6068 /* MigrationLessonTests.m in Sources */ = {isa = PBXBuildFile; fileRef = A4C235FA1A6F936E008F6068 /* MigrationLessonTests.m */; };
		A4C236061A6F9CAB008F6068 /* Model.xcmappingmodel in Sources */ = {isa = PBXBuildFile; fileRef = A4C236051A6F9CAB008F6068 /* Model.xcmappingmodel */; };
		A4C236091A6F9EA3008F6068 /* PersonToPerson.m in Sources */ = {isa = PBXBuildFile; fileRef = A4C236081A6F9EA3008F6068 /* PersonToPerson.m */; };
/* End PBXBuildFile section */

/* Begin PBXContainerItemProxy section */
		A4C235F51A6F936E008F6068 /* PBXContainerItemProxy */ = {
			isa = PBXContainerItemProxy;
			containerPortal = A4C235D01A6F936D008F6068 /* Project object */;
			proxyType = 1;
			remoteGlobalIDString = A4C235D71A6F936D008F6068;
			remoteInfo = MigrationLesson;
		};
/* End PBXContainerItemProxy section */

/* Begin PBXFileReference section */
		A4C235D81A6F936D008F6068 /* MigrationLesson.app */ = {isa = PBXFileReference; explicitFileType = wrapper.application; includeInIndex = 0; path = MigrationLesson.app; sourceTree = BUILT_PRODUCTS_DIR; };
		A4C235DC1A6F936D008F6068 /* Info.plist */ = {isa = PBXFileReference; lastKnownFileType = text.plist.xml; path = Info.plist; sourceTree = "<group>"; };
		A4C235DD1A6F936D008F6068 /* main.m */ = {isa = PBXFileReference; lastKnownFileType = sourcecode.c.objc; path = main.m; sourceTree = "<group>"; };
		A4C235DF1A6F936D008F6068 /* AppDelegate.h */ = {isa = PBXFileReference; lastKnownFileType = sourcecode.c.h; path = AppDelegate.h; sourceTree = "<group>"; };
		A4C235E01A6F936D008F6068 /* AppDelegate.m */ = {isa = PBXFileReference; lastKnownFileType = sourcecode.c.objc; path = AppDelegate.m; sourceTree = "<group>"; };
		A4C235E31A6F936D008F6068 /* MigrationLesson.xcdatamodel */ = {isa = PBXFileReference; lastKnownFileType = wrapper.xcdatamodel; path = MigrationLesson.xcdatamodel; sourceTree = "<group>"; };
		A4C235E51A6F936D008F6068 /* ViewController.h */ = {isa = PBXFileReference; lastKnownFileType = sourcecode.c.h; path = ViewController.h; sourceTree = "<group>"; };
		A4C235E61A6F936D008F6068 /* ViewController.m */ = {isa = PBXFileReference; lastKnownFileType = sourcecode.c.objc; path = ViewController.m; sourceTree = "<group>"; };
		A4C235E91A6F936D008F6068 /* Base */ = {isa = PBXFileReference; lastKnownFileType = file.storyboard; name = Base; path = Base.lproj/Main.storyboard; sourceTree = "<group>"; };
		A4C235EB1A6F936D008F6068 /* Images.xcassets */ = {isa = PBXFileReference; lastKnownFileType = folder.assetcatalog; path = Images.xcassets; sourceTree = "<group>"; };
		A4C235EE1A6F936D008F6068 /* Base */ = {isa = PBXFileReference; lastKnownFileType = file.xib; name = Base; path = Base.lproj/LaunchScreen.xib; sourceTree = "<group>"; };
		A4C235F41A6F936E008F6068 /* MigrationLessonTests.xctest */ = {isa = PBXFileReference; explicitFileType = wrapper.cfbundle; includeInIndex = 0; path = MigrationLessonTests.xctest; sourceTree = BUILT_PRODUCTS_DIR; };
		A4C235F91A6F936E008F6068 /* Info.plist */ = {isa = PBXFileReference; lastKnownFileType = text.plist.xml; path = Info.plist; sourceTree = "<group>"; };
		A4C235FA1A6F936E008F6068 /* MigrationLessonTests.m */ = {isa = PBXFileReference; lastKnownFileType = sourcecode.c.objc; path = MigrationLessonTests.m; sourceTree = "<group>"; };
		A4C236041A6F9B96008F6068 /* MigrationLesson 2.xcdatamodel */ = {isa = PBXFileReference; lastKnownFileType = wrapper.xcdatamodel; path = "MigrationLesson 2.xcdatamodel"; sourceTree = "<group>"; };
		A4C236051A6F9CAB008F6068 /* Model.xcmappingmodel */ = {isa = PBXFileReference; lastKnownFileType = wrapper.xcmappingmodel; name = Model.xcmappingmodel; path = ../Model.xcmappingmodel; sourceTree = "<group>"; };
		A4C236071A6F9EA3008F6068 /* PersonToPerson.h */ = {isa = PBXFileReference; fileEncoding = 4; lastKnownFileType = sourcecode.c.h; path = PersonToPerson.h; sourceTree = "<group>"; };
		A4C236081A6F9EA3008F6068 /* PersonToPerson.m */ = {isa = PBXFileReference; fileEncoding = 4; lastKnownFileType = sourcecode.c.objc; path = PersonToPerson.m; sourceTree = "<group>"; };
/* End PBXFileReference section */

/* Begin PBXFrameworksBuildPhase section */
		A4C235D51A6F936D008F6068 /* Frameworks */ = {
			isa = PBXFrameworksBuildPhase;
			buildActionMask = 2147483647;
			files = (
			);
			runOnlyForDeploymentPostprocessing = 0;
		};
		A4C235F11A6F936E008F6068 /* Frameworks */ = {
			isa = PBXFrameworksBuildPhase;
			buildActionMask = 2147483647;
			files = (
			);
			runOnlyForDeploymentPostprocessing = 0;
		};
/* End PBXFrameworksBuildPhase section */

/* Begin PBXGroup section */
		A4C235CF1A6F936D008F6068 = {
			isa = PBXGroup;
			children = (
				A4C236071A6F9EA3008F6068 /* PersonToPerson.h */,
				A4C236081A6F9EA3008F6068 /* PersonToPerson.m */,
				A4C235DA1A6F936D008F6068 /* MigrationLesson */,
				A4C235F71A6F936E008F6068 /* MigrationLessonTests */,
				A4C235D91A6F936D008F6068 /* Products */,
			);
			sourceTree = "<group>";
		};
		A4C235D91A6F936D008F6068 /* Products */ = {
			isa = PBXGroup;
			children = (
				A4C235D81A6F936D008F6068 /* MigrationLesson.app */,
				A4C235F41A6F936E008F6068 /* MigrationLessonTests.xctest */,
			);
			name = Products;
			sourceTree = "<group>";
		};
		A4C235DA1A6F936D008F6068 /* MigrationLesson */ = {
			isa = PBXGroup;
			children = (
				A4C235DF1A6F936D008F6068 /* AppDelegate.h */,
				A4C235E01A6F936D008F6068 /* AppDelegate.m */,
				A4C235E51A6F936D008F6068 /* ViewController.h */,
				A4C235E61A6F936D008F6068 /* ViewController.m */,
				A4C235E81A6F936D008F6068 /* Main.storyboard */,
				A4C235EB1A6F936D008F6068 /* Images.xcassets */,
				A4C235ED1A6F936D008F6068 /* LaunchScreen.xib */,
				A4C235E21A6F936D008F6068 /* MigrationLesson.xcdatamodeld */,
				A4C236051A6F9CAB008F6068 /* Model.xcmappingmodel */,
				A4C235DB1A6F936D008F6068 /* Supporting Files */,
			);
			path = MigrationLesson;
			sourceTree = "<group>";
		};
		A4C235DB1A6F936D008F6068 /* Supporting Files */ = {
			isa = PBXGroup;
			children = (
				A4C235DC1A6F936D008F6068 /* Info.plist */,
				A4C235DD1A6F936D008F6068 /* main.m */,
			);
			name = "Supporting Files";
			sourceTree = "<group>";
		};
		A4C235F71A6F936E008F6068 /* MigrationLessonTests */ = {
			isa = PBXGroup;
			children = (
				A4C235FA1A6F936E008F6068 /* MigrationLessonTests.m */,
				A4C235F81A6F936E008F6068 /* Supporting Files */,
			);
			path = MigrationLessonTests;
			sourceTree = "<group>";
		};
		A4C235F81A6F936E008F6068 /* Supporting Files */ = {
			isa = PBXGroup;
			children = (
				A4C235F91A6F936E008F6068 /* Info.plist */,
			);
			name = "Supporting Files";
			sourceTree = "<group>";
		};
/* End PBXGroup section */

/* Begin PBXNativeTarget section */
		A4C235D71A6F936D008F6068 /* MigrationLesson */ = {
			isa = PBXNativeTarget;
			buildConfigurationList = A4C235FE1A6F936E008F6068 /* Build configuration list for PBXNativeTarget "MigrationLesson" */;
			buildPhases = (
				A4C235D41A6F936D008F6068 /* Sources */,
				A4C235D51A6F936D008F6068 /* Frameworks */,
				A4C235D61A6F936D008F6068 /* Resources */,
			);
			buildRules = (
			);
			dependencies = (
			);
			name = MigrationLesson;
			productName = MigrationLesson;
			productReference = A4C235D81A6F936D008F6068 /* MigrationLesson.app */;
			productType = "com.apple.product-type.application";
		};
		A4C235F31A6F936E008F6068 /* MigrationLessonTests */ = {
			isa = PBXNativeTarget;
			buildConfigurationList = A4C236011A6F936E008F6068 /* Build configuration list for PBXNativeTarget "MigrationLessonTests" */;
			buildPhases = (
				A4C235F01A6F936E008F6068 /* Sources */,
				A4C235F11A6F936E008F6068 /* Frameworks */,
				A4C235F21A6F936E008F6068 /* Resources */,
			);
			buildRules = (
			);
			dependencies = (
				A4C235F61A6F936E008F6068 /* PBXTargetDependency */,
			);
			name = MigrationLessonTests;
			productName = MigrationLessonTests;
			productReference = A4C235F41A6F936E008F6068 /* MigrationLessonTests.xctest */;
			productType = "com.apple.product-type.bundle.unit-test";
		};
/* End PBXNativeTarget section */

/* Begin PBXProject section */
		A4C235D01A6F936D008F6068 /* Project object */ = {
			isa = PBXProject;
			attributes = {
				LastUpgradeCheck = 0610;
				ORGANIZATIONNAME = Flatstack;
				TargetAttributes = {
					A4C235D71A6F936D008F6068 = {
						CreatedOnToolsVersion = 6.1.1;
					};
					A4C235F31A6F936E008F6068 = {
						CreatedOnToolsVersion = 6.1.1;
						TestTargetID = A4C235D71A6F936D008F6068;
					};
				};
			};
			buildConfigurationList = A4C235D31A6F936D008F6068 /* Build configuration list for PBXProject "MigrationLesson" */;
			compatibilityVersion = "Xcode 3.2";
			developmentRegion = English;
			hasScannedForEncodings = 0;
			knownRegions = (
				en,
				Base,
			);
			mainGroup = A4C235CF1A6F936D008F6068;
			productRefGroup = A4C235D91A6F936D008F6068 /* Products */;
			projectDirPath = "";
			projectRoot = "";
			targets = (
				A4C235D71A6F936D008F6068 /* MigrationLesson */,
				A4C235F31A6F936E008F6068 /* MigrationLessonTests */,
			);
		};
/* End PBXProject section */

/* Begin PBXResourcesBuildPhase section */
		A4C235D61A6F936D008F6068 /* Resources */ = {
			isa = PBXResourcesBuildPhase;
			buildActionMask = 2147483647;
			files = (
				A4C235EA1A6F936D008F6068 /* Main.storyboard in Resources */,
				A4C235EF1A6F936D008F6068 /* LaunchScreen.xib in Resources */,
				A4C235EC1A6F936D008F6068 /* Images.xcassets in Resources */,
			);
			runOnlyForDeploymentPostprocessing = 0;
		};
		A4C235F21A6F936E008F6068 /* Resources */ = {
			isa = PBXResourcesBuildPhase;
			buildActionMask = 2147483647;
			files = (
			);
			runOnlyForDeploymentPostprocessing = 0;
		};
/* End PBXResourcesBuildPhase section */

/* Begin PBXSourcesBuildPhase section */
		A4C235D41A6F936D008F6068 /* Sources */ = {
			isa = PBXSourcesBuildPhase;
			buildActionMask = 2147483647;
			files = (
				A4C236091A6F9EA3008F6068 /* PersonToPerson.m in Sources */,
				A4C235E41A6F936D008F6068 /* MigrationLesson.xcdatamodeld in Sources */,
				A4C235E11A6F936D008F6068 /* AppDelegate.m in Sources */,
				A4C235E71A6F936D008F6068 /* ViewController.m in Sources */,
				A4C236061A6F9CAB008F6068 /* Model.xcmappingmodel in Sources */,
				A4C235DE1A6F936D008F6068 /* main.m in Sources */,
			);
			runOnlyForDeploymentPostprocessing = 0;
		};
		A4C235F01A6F936E008F6068 /* Sources */ = {
			isa = PBXSourcesBuildPhase;
			buildActionMask = 2147483647;
			files = (
				A4C235FB1A6F936E008F6068 /* MigrationLessonTests.m in Sources */,
			);
			runOnlyForDeploymentPostprocessing = 0;
		};
/* End PBXSourcesBuildPhase section */

/* Begin PBXTargetDependency section */
		A4C235F61A6F936E008F6068 /* PBXTargetDependency */ = {
			isa = PBXTargetDependency;
			target = A4C235D71A6F936D008F6068 /* MigrationLesson */;
			targetProxy = A4C235F51A6F936E008F6068 /* PBXContainerItemProxy */;
		};
/* End PBXTargetDependency section */

/* Begin PBXVariantGroup section */
		A4C235E81A6F936D008F6068 /* Main.storyboard */ = {
			isa = PBXVariantGroup;
			children = (
				A4C235E91A6F936D008F6068 /* Base */,
			);
			name = Main.storyboard;
			sourceTree = "<group>";
		};
		A4C235ED1A6F936D008F6068 /* LaunchScreen.xib */ = {
			isa = PBXVariantGroup;
			children = (
				A4C235EE1A6F936D008F6068 /* Base */,
			);
			name = LaunchScreen.xib;
			sourceTree = "<group>";
		};
/* End PBXVariantGroup section */

/* Begin XCBuildConfiguration section */
		A4C235FC1A6F936E008F6068 /* Debug */ = {
			isa = XCBuildConfiguration;
			buildSettings = {
				ALWAYS_SEARCH_USER_PATHS = NO;
				CLANG_CXX_LANGUAGE_STANDARD = "gnu++0x";
				CLANG_CXX_LIBRARY = "libc++";
				CLANG_ENABLE_MODULES = YES;
				CLANG_ENABLE_OBJC_ARC = YES;
				CLANG_WARN_BOOL_CONVERSION = YES;
				CLANG_WARN_CONSTANT_CONVERSION = YES;
				CLANG_WARN_DIRECT_OBJC_ISA_USAGE = YES_ERROR;
				CLANG_WARN_EMPTY_BODY = YES;
				CLANG_WARN_ENUM_CONVERSION = YES;
				CLANG_WARN_INT_CONVERSION = YES;
				CLANG_WARN_OBJC_ROOT_CLASS = YES_ERROR;
				CLANG_WARN_UNREACHABLE_CODE = YES;
				CLANG_WARN__DUPLICATE_METHOD_MATCH = YES;
				"CODE_SIGN_IDENTITY[sdk=iphoneos*]" = "iPhone Developer";
				COPY_PHASE_STRIP = NO;
				ENABLE_STRICT_OBJC_MSGSEND = YES;
				GCC_C_LANGUAGE_STANDARD = gnu99;
				GCC_DYNAMIC_NO_PIC = NO;
				GCC_OPTIMIZATION_LEVEL = 0;
				GCC_PREPROCESSOR_DEFINITIONS = (
					"DEBUG=1",
					"$(inherited)",
				);
				GCC_SYMBOLS_PRIVATE_EXTERN = NO;
				GCC_WARN_64_TO_32_BIT_CONVERSION = YES;
				GCC_WARN_ABOUT_RETURN_TYPE = YES_ERROR;
				GCC_WARN_UNDECLARED_SELECTOR = YES;
				GCC_WARN_UNINITIALIZED_AUTOS = YES_AGGRESSIVE;
				GCC_WARN_UNUSED_FUNCTION = YES;
				GCC_WARN_UNUSED_VARIABLE = YES;
				IPHONEOS_DEPLOYMENT_TARGET = 8.1;
				MTL_ENABLE_DEBUG_INFO = YES;
				ONLY_ACTIVE_ARCH = YES;
				SDKROOT = iphoneos;
				TARGETED_DEVICE_FAMILY = "1,2";
			};
			name = Debug;
		};
		A4C235FD1A6F936E008F6068 /* Release */ = {
			isa = XCBuildConfiguration;
			buildSettings = {
				ALWAYS_SEARCH_USER_PATHS = NO;
				CLANG_CXX_LANGUAGE_STANDARD = "gnu++0x";
				CLANG_CXX_LIBRARY = "libc++";
				CLANG_ENABLE_MODULES = YES;
				CLANG_ENABLE_OBJC_ARC = YES;
				CLANG_WARN_BOOL_CONVERSION = YES;
				CLANG_WARN_CONSTANT_CONVERSION = YES;
				CLANG_WARN_DIRECT_OBJC_ISA_USAGE = YES_ERROR;
				CLANG_WARN_EMPTY_BODY = YES;
				CLANG_WARN_ENUM_CONVERSION = YES;
				CLANG_WARN_INT_CONVERSION = YES;
				CLANG_WARN_OBJC_ROOT_CLASS = YES_ERROR;
				CLANG_WARN_UNREACHABLE_CODE = YES;
				CLANG_WARN__DUPLICATE_METHOD_MATCH = YES;
				"CODE_SIGN_IDENTITY[sdk=iphoneos*]" = "iPhone Developer";
				COPY_PHASE_STRIP = YES;
				ENABLE_NS_ASSERTIONS = NO;
				ENABLE_STRICT_OBJC_MSGSEND = YES;
				GCC_C_LANGUAGE_STANDARD = gnu99;
				GCC_WARN_64_TO_32_BIT_CONVERSION = YES;
				GCC_WARN_ABOUT_RETURN_TYPE = YES_ERROR;
				GCC_WARN_UNDECLARED_SELECTOR = YES;
				GCC_WARN_UNINITIALIZED_AUTOS = YES_AGGRESSIVE;
				GCC_WARN_UNUSED_FUNCTION = YES;
				GCC_WARN_UNUSED_VARIABLE = YES;
				IPHONEOS_DEPLOYMENT_TARGET = 8.1;
				MTL_ENABLE_DEBUG_INFO = NO;
				SDKROOT = iphoneos;
				TARGETED_DEVICE_FAMILY = "1,2";
				VALIDATE_PRODUCT = YES;
			};
			name = Release;
		};
		A4C235FF1A6F936E008F6068 /* Debug */ = {
			isa = XCBuildConfiguration;
			buildSettings = {
				ASSETCATALOG_COMPILER_APPICON_NAME = AppIcon;
				INFOPLIST_FILE = MigrationLesson/Info.plist;
				LD_RUNPATH_SEARCH_PATHS = "$(inherited) @executable_path/Frameworks";
				PRODUCT_NAME = "$(TARGET_NAME)";
			};
			name = Debug;
		};
		A4C236001A6F936E008F6068 /* Release */ = {
			isa = XCBuildConfiguration;
			buildSettings = {
				ASSETCATALOG_COMPILER_APPICON_NAME = AppIcon;
				INFOPLIST_FILE = MigrationLesson/Info.plist;
				LD_RUNPATH_SEARCH_PATHS = "$(inherited) @executable_path/Frameworks";
				PRODUCT_NAME = "$(TARGET_NAME)";
			};
			name = Release;
		};
		A4C236021A6F936E008F6068 /* Debug */ = {
			isa = XCBuildConfiguration;
			buildSettings = {
				BUNDLE_LOADER = "$(TEST_HOST)";
				FRAMEWORK_SEARCH_PATHS = (
					"$(SDKROOT)/Developer/Library/Frameworks",
					"$(inherited)",
				);
				GCC_PREPROCESSOR_DEFINITIONS = (
					"DEBUG=1",
					"$(inherited)",
				);
				INFOPLIST_FILE = MigrationLessonTests/Info.plist;
				LD_RUNPATH_SEARCH_PATHS = "$(inherited) @executable_path/Frameworks @loader_path/Frameworks";
				PRODUCT_NAME = "$(TARGET_NAME)";
				TEST_HOST = "$(BUILT_PRODUCTS_DIR)/MigrationLesson.app/MigrationLesson";
			};
			name = Debug;
		};
		A4C236031A6F936E008F6068 /* Release */ = {
			isa = XCBuildConfiguration;
			buildSettings = {
				BUNDLE_LOADER = "$(TEST_HOST)";
				FRAMEWORK_SEARCH_PATHS = (
					"$(SDKROOT)/Developer/Library/Frameworks",
					"$(inherited)",
				);
				INFOPLIST_FILE = MigrationLessonTests/Info.plist;
				LD_RUNPATH_SEARCH_PATHS = "$(inherited) @executable_path/Frameworks @loader_path/Frameworks";
				PRODUCT_NAME = "$(TARGET_NAME)";
				TEST_HOST = "$(BUILT_PRODUCTS_DIR)/MigrationLesson.app/MigrationLesson";
			};
			name = Release;
		};
/* End XCBuildConfiguration section */

/* Begin XCConfigurationList section */
		A4C235D31A6F936D008F6068 /* Build configuration list for PBXProject "MigrationLesson" */ = {
			isa = XCConfigurationList;
			buildConfigurations = (
				A4C235FC1A6F936E008F6068 /* Debug */,
				A4C235FD1A6F936E008F6068 /* Release */,
			);
			defaultConfigurationIsVisible = 0;
			defaultConfigurationName = Release;
		};
		A4C235FE1A6F936E008F6068 /* Build configuration list for PBXNativeTarget "MigrationLesson" */ = {
			isa = XCConfigurationList;
			buildConfigurations = (
				A4C235FF1A6F936E008F6068 /* Debug */,
				A4C236001A6F936E008F6068 /* Release */,
			);
			defaultConfigurationIsVisible = 0;
			defaultConfigurationName = Release;
		};
		A4C236011A6F936E008F6068 /* Build configuration list for PBXNativeTarget "MigrationLessonTests" */ = {
			isa = XCConfigurationList;
			buildConfigurations = (
				A4C236021A6F936E008F6068 /* Debug */,
				A4C236031A6F936E008F6068 /* Release */,
			);
			defaultConfigurationIsVisible = 0;
			defaultConfigurationName = Release;
		};
/* End XCConfigurationList section */

/* Begin XCVersionGroup section */
		A4C235E21A6F936D008F6068 /* MigrationLesson.xcdatamodeld */ = {
			isa = XCVersionGroup;
			children = (
				A4C236041A6F9B96008F6068 /* MigrationLesson 2.xcdatamodel */,
				A4C235E31A6F936D008F6068 /* MigrationLesson.xcdatamodel */,
			);
			currentVersion = A4C236041A6F9B96008F6068 /* MigrationLesson 2.xcdatamodel */;
			path = MigrationLesson.xcdatamodeld;
			sourceTree = "<group>";
			versionGroupType = wrapper.xcdatamodel;
		};
/* End XCVersionGroup section */
	};
	rootObject = A4C235D01A6F936D008F6068 /* Project object */;
}
